
Microsoft Visual Studio Solution File, Format Version 12.00
# Visual Studio Version 17
VisualStudioVersion = 17.4.33213.308
MinimumVisualStudioVersion = 10.0.40219.1
Project("{8BC9CEB8-8B4A-11D0-8D11-00A0C91BC942}") = "Frontend", "GUITest\GUITest.vcxproj", "{CDBCA133-44EA-414C-B69A-7F2ECC846FC4}"
EndProject
Project("{8BC9CEB8-8B4A-11D0-8D11-00A0C91BC942}") = "Backend", "Backend\Backend.vcxproj", "{8A19B30D-7F5E-41F0-A770-3E75C00CCA08}"
EndProject
Global
	GlobalSection(SolutionConfigurationPlatforms) = preSolution
		Debug|x64 = Debug|x64
		Debug|x86 = Debug|x86
		Release|x64 = Release|x64
		Release|x86 = Release|x86
	EndGlobalSection
	GlobalSection(ProjectConfigurationPlatforms) = postSolution
		{CDBCA133-44EA-414C-B69A-7F2ECC846FC4}.Debug|x64.ActiveCfg = Debug|x64
		{CDBCA133-44EA-414C-B69A-7F2ECC846FC4}.Debug|x64.Build.0 = Debug|x64
		{CDBCA133-44EA-414C-B69A-7F2ECC846FC4}.Debug|x86.ActiveCfg = Debug|Win32
		{CDBCA133-44EA-414C-B69A-7F2ECC846FC4}.Debug|x86.Build.0 = Debug|Win32
		{CDBCA133-44EA-414C-B69A-7F2ECC846FC4}.Release|x64.ActiveCfg = Release|x64
		{CDBCA133-44EA-414C-B69A-7F2ECC846FC4}.Release|x64.Build.0 = Release|x64
		{CDBCA133-44EA-414C-B69A-7F2ECC846FC4}.Release|x86.ActiveCfg = Release|Win32
		{CDBCA133-44EA-414C-B69A-7F2ECC846FC4}.Release|x86.Build.0 = Release|Win32
		{8A19B30D-7F5E-41F0-A770-3E75C00CCA08}.Debug|x64.ActiveCfg = Debug|x64
		{8A19B30D-7F5E-41F0-A770-3E75C00CCA08}.Debug|x64.Build.0 = Debug|x64
		{8A19B30D-7F5E-41F0-A770-3E75C00CCA08}.Debug|x86.ActiveCfg = Debug|Win32
		{8A19B30D-7F5E-41F0-A770-3E75C00CCA08}.Debug|x86.Build.0 = Debug|Win32
		{8A19B30D-7F5E-41F0-A770-3E75C00CCA08}.Release|x64.ActiveCfg = Release|x64
		{8A19B30D-7F5E-41F0-A770-3E75C00CCA08}.Release|x64.Build.0 = Release|x64
		{8A19B30D-7F5E-41F0-A770-3E75C00CCA08}.Release|x86.ActiveCfg = Release|Win32
		{8A19B30D-7F5E-41F0-A770-3E75C00CCA08}.Release|x86.Build.0 = Release|Win32
	EndGlobalSection
	GlobalSection(SolutionProperties) = preSolution
		HideSolutionNode = FALSE
	EndGlobalSection
	GlobalSection(ExtensibilityGlobals) = postSolution
		SolutionGuid = {ADAD149F-731F-49B2-A3CB-E28F95AD01C6}
	EndGlobalSection
EndGlobal
